// !$*UTF8*$!
{
	archiveVersion = 1;
	classes = {
	};
	objectVersion = 48;
	objects = {

/* Begin PBXBuildFile section */
		1A47AA062028E21800ED663E /* AppDelegate.swift in Sources */ = {isa = PBXBuildFile; fileRef = 1A47AA052028E21800ED663E /* AppDelegate.swift */; };
		1A47AA082028E21800ED663E /* HomePageViewController.swift in Sources */ = {isa = PBXBuildFile; fileRef = 1A47AA072028E21800ED663E /* HomePageViewController.swift */; };
		1A47AA0B2028E21800ED663E /* Main.storyboard in Resources */ = {isa = PBXBuildFile; fileRef = 1A47AA092028E21800ED663E /* Main.storyboard */; };
		1A47AA0D2028E21800ED663E /* Assets.xcassets in Resources */ = {isa = PBXBuildFile; fileRef = 1A47AA0C2028E21800ED663E /* Assets.xcassets */; };
		1A47AA102028E21800ED663E /* LaunchScreen.storyboard in Resources */ = {isa = PBXBuildFile; fileRef = 1A47AA0E2028E21800ED663E /* LaunchScreen.storyboard */; };
		1A47AA1B2028E21800ED663E /* RandomPhotoTests.swift in Sources */ = {isa = PBXBuildFile; fileRef = 1A47AA1A2028E21800ED663E /* RandomPhotoTests.swift */; };
		1A47AA262028E21800ED663E /* RandomPhotoUITests.swift in Sources */ = {isa = PBXBuildFile; fileRef = 1A47AA252028E21800ED663E /* RandomPhotoUITests.swift */; };
		1A47AA342028E23B00ED663E /* RandomPhotoDisplayVC.swift in Sources */ = {isa = PBXBuildFile; fileRef = 1A47AA332028E23B00ED663E /* RandomPhotoDisplayVC.swift */; };
		1A47AA362028E27100ED663E /* UnsplashPhotoAPI.swift in Sources */ = {isa = PBXBuildFile; fileRef = 1A47AA352028E27100ED663E /* UnsplashPhotoAPI.swift */; };
		1A47AA382028E2A600ED663E /* RandomPhotoParser.swift in Sources */ = {isa = PBXBuildFile; fileRef = 1A47AA372028E2A600ED663E /* RandomPhotoParser.swift */; };
		1A47AA3A2028E33F00ED663E /* CustomPresentAnimationController.swift in Sources */ = {isa = PBXBuildFile; fileRef = 1A47AA392028E33F00ED663E /* CustomPresentAnimationController.swift */; };
/* End PBXBuildFile section */

/* Begin PBXContainerItemProxy section */
		1A47AA172028E21800ED663E /* PBXContainerItemProxy */ = {
			isa = PBXContainerItemProxy;
			containerPortal = 1A47A9FA2028E21700ED663E /* Project object */;
			proxyType = 1;
			remoteGlobalIDString = 1A47AA012028E21800ED663E;
			remoteInfo = RandomPhoto;
		};
		1A47AA222028E21800ED663E /* PBXContainerItemProxy */ = {
			isa = PBXContainerItemProxy;
			containerPortal = 1A47A9FA2028E21700ED663E /* Project object */;
			proxyType = 1;
			remoteGlobalIDString = 1A47AA012028E21800ED663E;
			remoteInfo = RandomPhoto;
		};
/* End PBXContainerItemProxy section */

/* Begin PBXFileReference section */
		1A47AA022028E21800ED663E /* RandomPhoto.app */ = {isa = PBXFileReference; explicitFileType = wrapper.application; includeInIndex = 0; path = RandomPhoto.app; sourceTree = BUILT_PRODUCTS_DIR; };
		1A47AA052028E21800ED663E /* AppDelegate.swift */ = {isa = PBXFileReference; lastKnownFileType = sourcecode.swift; path = AppDelegate.swift; sourceTree = "<group>"; };
		1A47AA072028E21800ED663E /* HomePageViewController.swift */ = {isa = PBXFileReference; lastKnownFileType = sourcecode.swift; path = HomePageViewController.swift; sourceTree = "<group>"; };
		1A47AA0A2028E21800ED663E /* Base */ = {isa = PBXFileReference; lastKnownFileType = file.storyboard; name = Base; path = Base.lproj/Main.storyboard; sourceTree = "<group>"; };
		1A47AA0C2028E21800ED663E /* Assets.xcassets */ = {isa = PBXFileReference; lastKnownFileType = folder.assetcatalog; path = Assets.xcassets; sourceTree = "<group>"; };
		1A47AA0F2028E21800ED663E /* Base */ = {isa = PBXFileReference; lastKnownFileType = file.storyboard; name = Base; path = Base.lproj/LaunchScreen.storyboard; sourceTree = "<group>"; };
		1A47AA112028E21800ED663E /* Info.plist */ = {isa = PBXFileReference; lastKnownFileType = text.plist.xml; path = Info.plist; sourceTree = "<group>"; };
		1A47AA162028E21800ED663E /* RandomPhotoTests.xctest */ = {isa = PBXFileReference; explicitFileType = wrapper.cfbundle; includeInIndex = 0; path = RandomPhotoTests.xctest; sourceTree = BUILT_PRODUCTS_DIR; };
		1A47AA1A2028E21800ED663E /* RandomPhotoTests.swift */ = {isa = PBXFileReference; lastKnownFileType = sourcecode.swift; path = RandomPhotoTests.swift; sourceTree = "<group>"; };
		1A47AA1C2028E21800ED663E /* Info.plist */ = {isa = PBXFileReference; lastKnownFileType = text.plist.xml; path = Info.plist; sourceTree = "<group>"; };
		1A47AA212028E21800ED663E /* RandomPhotoUITests.xctest */ = {isa = PBXFileReference; explicitFileType = wrapper.cfbundle; includeInIndex = 0; path = RandomPhotoUITests.xctest; sourceTree = BUILT_PRODUCTS_DIR; };
		1A47AA252028E21800ED663E /* RandomPhotoUITests.swift */ = {isa = PBXFileReference; lastKnownFileType = sourcecode.swift; path = RandomPhotoUITests.swift; sourceTree = "<group>"; };
		1A47AA272028E21800ED663E /* Info.plist */ = {isa = PBXFileReference; lastKnownFileType = text.plist.xml; path = Info.plist; sourceTree = "<group>"; };
		1A47AA332028E23B00ED663E /* RandomPhotoDisplayVC.swift */ = {isa = PBXFileReference; lastKnownFileType = sourcecode.swift; path = RandomPhotoDisplayVC.swift; sourceTree = "<group>"; };
		1A47AA352028E27100ED663E /* UnsplashPhotoAPI.swift */ = {isa = PBXFileReference; lastKnownFileType = sourcecode.swift; path = UnsplashPhotoAPI.swift; sourceTree = "<group>"; };
		1A47AA372028E2A600ED663E /* RandomPhotoParser.swift */ = {isa = PBXFileReference; lastKnownFileType = sourcecode.swift; path = RandomPhotoParser.swift; sourceTree = "<group>"; };
		1A47AA392028E33F00ED663E /* CustomPresentAnimationController.swift */ = {isa = PBXFileReference; lastKnownFileType = sourcecode.swift; path = CustomPresentAnimationController.swift; sourceTree = "<group>"; };
/* End PBXFileReference section */

/* Begin PBXFrameworksBuildPhase section */
		1A47A9FF2028E21800ED663E /* Frameworks */ = {
			isa = PBXFrameworksBuildPhase;
			buildActionMask = 2147483647;
			files = (
			);
			runOnlyForDeploymentPostprocessing = 0;
		};
		1A47AA132028E21800ED663E /* Frameworks */ = {
			isa = PBXFrameworksBuildPhase;
			buildActionMask = 2147483647;
			files = (
			);
			runOnlyForDeploymentPostprocessing = 0;
		};
		1A47AA1E2028E21800ED663E /* Frameworks */ = {
			isa = PBXFrameworksBuildPhase;
			buildActionMask = 2147483647;
			files = (
			);
			runOnlyForDeploymentPostprocessing = 0;
		};
/* End PBXFrameworksBuildPhase section */

/* Begin PBXGroup section */
		1A47A9F92028E21700ED663E = {
			isa = PBXGroup;
			children = (
				1A47AA042028E21800ED663E /* RandomPhoto */,
				1A47AA192028E21800ED663E /* RandomPhotoTests */,
				1A47AA242028E21800ED663E /* RandomPhotoUITests */,
				1A47AA032028E21800ED663E /* Products */,
			);
			sourceTree = "<group>";
		};
		1A47AA032028E21800ED663E /* Products */ = {
			isa = PBXGroup;
			children = (
				1A47AA022028E21800ED663E /* RandomPhoto.app */,
				1A47AA162028E21800ED663E /* RandomPhotoTests.xctest */,
				1A47AA212028E21800ED663E /* RandomPhotoUITests.xctest */,
			);
			name = Products;
			sourceTree = "<group>";
		};
		1A47AA042028E21800ED663E /* RandomPhoto */ = {
			isa = PBXGroup;
			children = (
				1A47AA052028E21800ED663E /* AppDelegate.swift */,
				1A47AA072028E21800ED663E /* HomePageViewController.swift */,
				1A47AA092028E21800ED663E /* Main.storyboard */,
				1A47AA0C2028E21800ED663E /* Assets.xcassets */,
				1A47AA0E2028E21800ED663E /* LaunchScreen.storyboard */,
				1A47AA112028E21800ED663E /* Info.plist */,
				1A47AA332028E23B00ED663E /* RandomPhotoDisplayVC.swift */,
				1A47AA352028E27100ED663E /* UnsplashPhotoAPI.swift */,
				1A47AA372028E2A600ED663E /* RandomPhotoParser.swift */,
				1A47AA392028E33F00ED663E /* CustomPresentAnimationController.swift */,
			);
			path = RandomPhoto;
			sourceTree = "<group>";
		};
		1A47AA192028E21800ED663E /* RandomPhotoTests */ = {
			isa = PBXGroup;
			children = (
				1A47AA1A2028E21800ED663E /* RandomPhotoTests.swift */,
				1A47AA1C2028E21800ED663E /* Info.plist */,
			);
			path = RandomPhotoTests;
			sourceTree = "<group>";
		};
		1A47AA242028E21800ED663E /* RandomPhotoUITests */ = {
			isa = PBXGroup;
			children = (
				1A47AA252028E21800ED663E /* RandomPhotoUITests.swift */,
				1A47AA272028E21800ED663E /* Info.plist */,
			);
			path = RandomPhotoUITests;
			sourceTree = "<group>";
		};
/* End PBXGroup section */

/* Begin PBXNativeTarget section */
		1A47AA012028E21800ED663E /* RandomPhoto */ = {
			isa = PBXNativeTarget;
			buildConfigurationList = 1A47AA2A2028E21800ED663E /* Build configuration list for PBXNativeTarget "RandomPhoto" */;
			buildPhases = (
				1A47A9FE2028E21800ED663E /* Sources */,
				1A47A9FF2028E21800ED663E /* Frameworks */,
				1A47AA002028E21800ED663E /* Resources */,
			);
			buildRules = (
			);
			dependencies = (
			);
			name = RandomPhoto;
			productName = RandomPhoto;
			productReference = 1A47AA022028E21800ED663E /* RandomPhoto.app */;
			productType = "com.apple.product-type.application";
		};
		1A47AA152028E21800ED663E /* RandomPhotoTests */ = {
			isa = PBXNativeTarget;
			buildConfigurationList = 1A47AA2D2028E21800ED663E /* Build configuration list for PBXNativeTarget "RandomPhotoTests" */;
			buildPhases = (
				1A47AA122028E21800ED663E /* Sources */,
				1A47AA132028E21800ED663E /* Frameworks */,
				1A47AA142028E21800ED663E /* Resources */,
			);
			buildRules = (
			);
			dependencies = (
				1A47AA182028E21800ED663E /* PBXTargetDependency */,
			);
			name = RandomPhotoTests;
			productName = RandomPhotoTests;
			productReference = 1A47AA162028E21800ED663E /* RandomPhotoTests.xctest */;
			productType = "com.apple.product-type.bundle.unit-test";
		};
		1A47AA202028E21800ED663E /* RandomPhotoUITests */ = {
			isa = PBXNativeTarget;
			buildConfigurationList = 1A47AA302028E21800ED663E /* Build configuration list for PBXNativeTarget "RandomPhotoUITests" */;
			buildPhases = (
				1A47AA1D2028E21800ED663E /* Sources */,
				1A47AA1E2028E21800ED663E /* Frameworks */,
				1A47AA1F2028E21800ED663E /* Resources */,
			);
			buildRules = (
			);
			dependencies = (
				1A47AA232028E21800ED663E /* PBXTargetDependency */,
			);
			name = RandomPhotoUITests;
			productName = RandomPhotoUITests;
			productReference = 1A47AA212028E21800ED663E /* RandomPhotoUITests.xctest */;
			productType = "com.apple.product-type.bundle.ui-testing";
		};
/* End PBXNativeTarget section */

/* Begin PBXProject section */
		1A47A9FA2028E21700ED663E /* Project object */ = {
			isa = PBXProject;
			attributes = {
				LastSwiftUpdateCheck = 0920;
				LastUpgradeCheck = 0920;
				ORGANIZATIONNAME = "admin-lchance";
				TargetAttributes = {
					1A47AA012028E21800ED663E = {
						CreatedOnToolsVersion = 9.2;
						ProvisioningStyle = Automatic;
					};
					1A47AA152028E21800ED663E = {
						CreatedOnToolsVersion = 9.2;
						ProvisioningStyle = Automatic;
						TestTargetID = 1A47AA012028E21800ED663E;
					};
					1A47AA202028E21800ED663E = {
						CreatedOnToolsVersion = 9.2;
						ProvisioningStyle = Automatic;
						TestTargetID = 1A47AA012028E21800ED663E;
					};
				};
			};
			buildConfigurationList = 1A47A9FD2028E21700ED663E /* Build configuration list for PBXProject "RandomPhoto" */;
			compatibilityVersion = "Xcode 8.0";
			developmentRegion = en;
			hasScannedForEncodings = 0;
			knownRegions = (
				en,
				Base,
			);
			mainGroup = 1A47A9F92028E21700ED663E;
			productRefGroup = 1A47AA032028E21800ED663E /* Products */;
			projectDirPath = "";
			projectRoot = "";
			targets = (
				1A47AA012028E21800ED663E /* RandomPhoto */,
				1A47AA152028E21800ED663E /* RandomPhotoTests */,
				1A47AA202028E21800ED663E /* RandomPhotoUITests */,
			);
		};
/* End PBXProject section */

/* Begin PBXResourcesBuildPhase section */
		1A47AA002028E21800ED663E /* Resources */ = {
			isa = PBXResourcesBuildPhase;
			buildActionMask = 2147483647;
			files = (
				1A47AA102028E21800ED663E /* LaunchScreen.storyboard in Resources */,
				1A47AA0D2028E21800ED663E /* Assets.xcassets in Resources */,
				1A47AA0B2028E21800ED663E /* Main.storyboard in Resources */,
			);
			runOnlyForDeploymentPostprocessing = 0;
		};
		1A47AA142028E21800ED663E /* Resources */ = {
			isa = PBXResourcesBuildPhase;
			buildActionMask = 2147483647;
			files = (
			);
			runOnlyForDeploymentPostprocessing = 0;
		};
		1A47AA1F2028E21800ED663E /* Resources */ = {
			isa = PBXResourcesBuildPhase;
			buildActionMask = 2147483647;
			files = (
			);
			runOnlyForDeploymentPostprocessing = 0;
		};
/* End PBXResourcesBuildPhase section */

/* Begin PBXSourcesBuildPhase section */
		1A47A9FE2028E21800ED663E /* Sources */ = {
			isa = PBXSourcesBuildPhase;
			buildActionMask = 2147483647;
			files = (
				1A47AA082028E21800ED663E /* HomePageViewController.swift in Sources */,
				1A47AA062028E21800ED663E /* AppDelegate.swift in Sources */,
				1A47AA382028E2A600ED663E /* RandomPhotoParser.swift in Sources */,
				1A47AA3A2028E33F00ED663E /* CustomPresentAnimationController.swift in Sources */,
				1A47AA342028E23B00ED663E /* RandomPhotoDisplayVC.swift in Sources */,
				1A47AA362028E27100ED663E /* UnsplashPhotoAPI.swift in Sources */,
			);
			runOnlyForDeploymentPostprocessing = 0;
		};
		1A47AA122028E21800ED663E /* Sources */ = {
			isa = PBXSourcesBuildPhase;
			buildActionMask = 2147483647;
			files = (
				1A47AA1B2028E21800ED663E /* RandomPhotoTests.swift in Sources */,
			);
			runOnlyForDeploymentPostprocessing = 0;
		};
		1A47AA1D2028E21800ED663E /* Sources */ = {
			isa = PBXSourcesBuildPhase;
			buildActionMask = 2147483647;
			files = (
				1A47AA262028E21800ED663E /* RandomPhotoUITests.swift in Sources */,
			);
			runOnlyForDeploymentPostprocessing = 0;
		};
/* End PBXSourcesBuildPhase section */

/* Begin PBXTargetDependency section */
		1A47AA182028E21800ED663E /* PBXTargetDependency */ = {
			isa = PBXTargetDependency;
			target = 1A47AA012028E21800ED663E /* RandomPhoto */;
			targetProxy = 1A47AA172028E21800ED663E /* PBXContainerItemProxy */;
		};
		1A47AA232028E21800ED663E /* PBXTargetDependency */ = {
			isa = PBXTargetDependency;
			target = 1A47AA012028E21800ED663E /* RandomPhoto */;
			targetProxy = 1A47AA222028E21800ED663E /* PBXContainerItemProxy */;
		};
/* End PBXTargetDependency section */

/* Begin PBXVariantGroup section */
		1A47AA092028E21800ED663E /* Main.storyboard */ = {
			isa = PBXVariantGroup;
			children = (
				1A47AA0A2028E21800ED663E /* Base */,
			);
			name = Main.storyboard;
			sourceTree = "<group>";
		};
		1A47AA0E2028E21800ED663E /* LaunchScreen.storyboard */ = {
			isa = PBXVariantGroup;
			children = (
				1A47AA0F2028E21800ED663E /* Base */,
			);
			name = LaunchScreen.storyboard;
			sourceTree = "<group>";
		};
/* End PBXVariantGroup section */

/* Begin XCBuildConfiguration section */
		1A47AA282028E21800ED663E /* Debug */ = {
			isa = XCBuildConfiguration;
			buildSettings = {
				ALWAYS_SEARCH_USER_PATHS = NO;
				CLANG_ANALYZER_NONNULL = YES;
				CLANG_ANALYZER_NUMBER_OBJECT_CONVERSION = YES_AGGRESSIVE;
				CLANG_CXX_LANGUAGE_STANDARD = "gnu++14";
				CLANG_CXX_LIBRARY = "libc++";
				CLANG_ENABLE_MODULES = YES;
				CLANG_ENABLE_OBJC_ARC = YES;
				CLANG_WARN_BLOCK_CAPTURE_AUTORELEASING = YES;
				CLANG_WARN_BOOL_CONVERSION = YES;
				CLANG_WARN_COMMA = YES;
				CLANG_WARN_CONSTANT_CONVERSION = YES;
				CLANG_WARN_DIRECT_OBJC_ISA_USAGE = YES_ERROR;
				CLANG_WARN_DOCUMENTATION_COMMENTS = YES;
				CLANG_WARN_EMPTY_BODY = YES;
				CLANG_WARN_ENUM_CONVERSION = YES;
				CLANG_WARN_INFINITE_RECURSION = YES;
				CLANG_WARN_INT_CONVERSION = YES;
				CLANG_WARN_NON_LITERAL_NULL_CONVERSION = YES;
				CLANG_WARN_OBJC_LITERAL_CONVERSION = YES;
				CLANG_WARN_OBJC_ROOT_CLASS = YES_ERROR;
				CLANG_WARN_RANGE_LOOP_ANALYSIS = YES;
				CLANG_WARN_STRICT_PROTOTYPES = YES;
				CLANG_WARN_SUSPICIOUS_MOVE = YES;
				CLANG_WARN_UNGUARDED_AVAILABILITY = YES_AGGRESSIVE;
				CLANG_WARN_UNREACHABLE_CODE = YES;
				CLANG_WARN__DUPLICATE_METHOD_MATCH = YES;
				CODE_SIGN_IDENTITY = "iPhone Developer";
				COPY_PHASE_STRIP = NO;
				DEBUG_INFORMATION_FORMAT = dwarf;
				ENABLE_STRICT_OBJC_MSGSEND = YES;
				ENABLE_TESTABILITY = YES;
				GCC_C_LANGUAGE_STANDARD = gnu11;
				GCC_DYNAMIC_NO_PIC = NO;
				GCC_NO_COMMON_BLOCKS = YES;
				GCC_OPTIMIZATION_LEVEL = 0;
				GCC_PREPROCESSOR_DEFINITIONS = (
					"DEBUG=1",
					"$(inherited)",
				);
				GCC_WARN_64_TO_32_BIT_CONVERSION = YES;
				GCC_WARN_ABOUT_RETURN_TYPE = YES_ERROR;
				GCC_WARN_UNDECLARED_SELECTOR = YES;
				GCC_WARN_UNINITIALIZED_AUTOS = YES_AGGRESSIVE;
				GCC_WARN_UNUSED_FUNCTION = YES;
				GCC_WARN_UNUSED_VARIABLE = YES;
				IPHONEOS_DEPLOYMENT_TARGET = 11.2;
				MTL_ENABLE_DEBUG_INFO = YES;
				ONLY_ACTIVE_ARCH = YES;
				SDKROOT = iphoneos;
				SWIFT_ACTIVE_COMPILATION_CONDITIONS = DEBUG;
				SWIFT_OPTIMIZATION_LEVEL = "-Onone";
			};
			name = Debug;
		};
		1A47AA292028E21800ED663E /* Release */ = {
			isa = XCBuildConfiguration;
			buildSettings = {
				ALWAYS_SEARCH_USER_PATHS = NO;
				CLANG_ANALYZER_NONNULL = YES;
				CLANG_ANALYZER_NUMBER_OBJECT_CONVERSION = YES_AGGRESSIVE;
				CLANG_CXX_LANGUAGE_STANDARD = "gnu++14";
				CLANG_CXX_LIBRARY = "libc++";
				CLANG_ENABLE_MODULES = YES;
				CLANG_ENABLE_OBJC_ARC = YES;
				CLANG_WARN_BLOCK_CAPTURE_AUTORELEASING = YES;
				CLANG_WARN_BOOL_CONVERSION = YES;
				CLANG_WARN_COMMA = YES;
				CLANG_WARN_CONSTANT_CONVERSION = YES;
				CLANG_WARN_DIRECT_OBJC_ISA_USAGE = YES_ERROR;
				CLANG_WARN_DOCUMENTATION_COMMENTS = YES;
				CLANG_WARN_EMPTY_BODY = YES;
				CLANG_WARN_ENUM_CONVERSION = YES;
				CLANG_WARN_INFINITE_RECURSION = YES;
				CLANG_WARN_INT_CONVERSION = YES;
				CLANG_WARN_NON_LITERAL_NULL_CONVERSION = YES;
				CLANG_WARN_OBJC_LITERAL_CONVERSION = YES;
				CLANG_WARN_OBJC_ROOT_CLASS = YES_ERROR;
				CLANG_WARN_RANGE_LOOP_ANALYSIS = YES;
				CLANG_WARN_STRICT_PROTOTYPES = YES;
				CLANG_WARN_SUSPICIOUS_MOVE = YES;
				CLANG_WARN_UNGUARDED_AVAILABILITY = YES_AGGRESSIVE;
				CLANG_WARN_UNREACHABLE_CODE = YES;
				CLANG_WARN__DUPLICATE_METHOD_MATCH = YES;
				CODE_SIGN_IDENTITY = "iPhone Developer";
				COPY_PHASE_STRIP = NO;
				DEBUG_INFORMATION_FORMAT = "dwarf-with-dsym";
				ENABLE_NS_ASSERTIONS = NO;
				ENABLE_STRICT_OBJC_MSGSEND = YES;
				GCC_C_LANGUAGE_STANDARD = gnu11;
				GCC_NO_COMMON_BLOCKS = YES;
				GCC_WARN_64_TO_32_BIT_CONVERSION = YES;
				GCC_WARN_ABOUT_RETURN_TYPE = YES_ERROR;
				GCC_WARN_UNDECLARED_SELECTOR = YES;
				GCC_WARN_UNINITIALIZED_AUTOS = YES_AGGRESSIVE;
				GCC_WARN_UNUSED_FUNCTION = YES;
				GCC_WARN_UNUSED_VARIABLE = YES;
				IPHONEOS_DEPLOYMENT_TARGET = 11.2;
				MTL_ENABLE_DEBUG_INFO = NO;
				SDKROOT = iphoneos;
				SWIFT_OPTIMIZATION_LEVEL = "-Owholemodule";
				VALIDATE_PRODUCT = YES;
			};
			name = Release;
		};
		1A47AA2B2028E21800ED663E /* Debug */ = {
			isa = XCBuildConfiguration;
			buildSettings = {
				ASSETCATALOG_COMPILER_APPICON_NAME = AppIcon;
				CODE_SIGN_STYLE = Automatic;
				INFOPLIST_FILE = RandomPhoto/Info.plist;
				LD_RUNPATH_SEARCH_PATHS = "$(inherited) @executable_path/Frameworks";
				PRODUCT_BUNDLE_IDENTIFIER = com.electricchance.RandomPhoto;
				PRODUCT_NAME = "$(TARGET_NAME)";
				SWIFT_VERSION = 4.0;
				TARGETED_DEVICE_FAMILY = "1,2";
			};
			name = Debug;
		};
		1A47AA2C2028E21800ED663E /* Release */ = {
			isa = XCBuildConfiguration;
			buildSettings = {
				ASSETCATALOG_COMPILER_APPICON_NAME = AppIcon;
				CODE_SIGN_STYLE = Automatic;
				INFOPLIST_FILE = RandomPhoto/Info.plist;
				LD_RUNPATH_SEARCH_PATHS = "$(inherited) @executable_path/Frameworks";
				PRODUCT_BUNDLE_IDENTIFIER = com.electricchance.RandomPhoto;
				PRODUCT_NAME = "$(TARGET_NAME)";
				SWIFT_VERSION = 4.0;
				TARGETED_DEVICE_FAMILY = "1,2";
			};
			name = Release;
		};
		1A47AA2E2028E21800ED663E /* Debug */ = {
			isa = XCBuildConfiguration;
			buildSettings = {
				ALWAYS_EMBED_SWIFT_STANDARD_LIBRARIES = YES;
				BUNDLE_LOADER = "$(TEST_HOST)";
				CODE_SIGN_STYLE = Automatic;
				INFOPLIST_FILE = RandomPhotoTests/Info.plist;
				LD_RUNPATH_SEARCH_PATHS = "$(inherited) @executable_path/Frameworks @loader_path/Frameworks";
				PRODUCT_BUNDLE_IDENTIFIER = com.electricchance.RandomPhotoTests;
				PRODUCT_NAME = "$(TARGET_NAME)";
				SWIFT_VERSION = 4.0;
				TARGETED_DEVICE_FAMILY = "1,2";
				TEST_HOST = "$(BUILT_PRODUCTS_DIR)/RandomPhoto.app/RandomPhoto";
			};
			name = Debug;
		};
		1A47AA2F2028E21800ED663E /* Release */ = {
			isa = XCBuildConfiguration;
			buildSettings = {
				ALWAYS_EMBED_SWIFT_STANDARD_LIBRARIES = YES;
				BUNDLE_LOADER = "$(TEST_HOST)";
				CODE_SIGN_STYLE = Automatic;
				INFOPLIST_FILE = RandomPhotoTests/Info.plist;
				LD_RUNPATH_SEARCH_PATHS = "$(inherited) @executable_path/Frameworks @loader_path/Frameworks";
				PRODUCT_BUNDLE_IDENTIFIER = com.electricchance.RandomPhotoTests;
				PRODUCT_NAME = "$(TARGET_NAME)";
				SWIFT_VERSION = 4.0;
				TARGETED_DEVICE_FAMILY = "1,2";
				TEST_HOST = "$(BUILT_PRODUCTS_DIR)/RandomPhoto.app/RandomPhoto";
			};
			name = Release;
		};
		1A47AA312028E21800ED663E /* Debug */ = {
			isa = XCBuildConfiguration;
			buildSettings = {
				ALWAYS_EMBED_SWIFT_STANDARD_LIBRARIES = YES;
				CODE_SIGN_STYLE = Automatic;
				INFOPLIST_FILE = RandomPhotoUITests/Info.plist;
				LD_RUNPATH_SEARCH_PATHS = "$(inherited) @executable_path/Frameworks @loader_path/Frameworks";
				PRODUCT_BUNDLE_IDENTIFIER = com.electricchance.RandomPhotoUITests;
				PRODUCT_NAME = "$(TARGET_NAME)";
				SWIFT_VERSION = 4.0;
				TARGETED_DEVICE_FAMILY = "1,2";
				TEST_TARGET_NAME = RandomPhoto;
			};
			name = Debug;
		};
		1A47AA322028E21800ED663E /* Release */ = {
			isa = XCBuildConfiguration;
			buildSettings = {
				ALWAYS_EMBED_SWIFT_STANDARD_LIBRARIES = YES;
				CODE_SIGN_STYLE = Automatic;
				INFOPLIST_FILE = RandomPhotoUITests/Info.plist;
				LD_RUNPATH_SEARCH_PATHS = "$(inherited) @executable_path/Frameworks @loader_path/Frameworks";
				PRODUCT_BUNDLE_IDENTIFIER = com.electricchance.RandomPhotoUITests;
				PRODUCT_NAME = "$(TARGET_NAME)";
				SWIFT_VERSION = 4.0;
				TARGETED_DEVICE_FAMILY = "1,2";
				TEST_TARGET_NAME = RandomPhoto;
			};
			name = Release;
		};
/* End XCBuildConfiguration section */

/* Begin XCConfigurationList section */
		1A47A9FD2028E21700ED663E /* Build configuration list for PBXProject "RandomPhoto" */ = {
			isa = XCConfigurationList;
			buildConfigurations = (
				1A47AA282028E21800ED663E /* Debug */,
				1A47AA292028E21800ED663E /* Release */,
			);
			defaultConfigurationIsVisible = 0;
			defaultConfigurationName = Release;
		};
		1A47AA2A2028E21800ED663E /* Build configuration list for PBXNativeTarget "RandomPhoto" */ = {
			isa = XCConfigurationList;
			buildConfigurations = (
				1A47AA2B2028E21800ED663E /* Debug */,
				1A47AA2C2028E21800ED663E /* Release */,
			);
			defaultConfigurationIsVisible = 0;
			defaultConfigurationName = Release;
		};
		1A47AA2D2028E21800ED663E /* Build configuration list for PBXNativeTarget "RandomPhotoTests" */ = {
			isa = XCConfigurationList;
			buildConfigurations = (
				1A47AA2E2028E21800ED663E /* Debug */,
				1A47AA2F2028E21800ED663E /* Release */,
			);
			defaultConfigurationIsVisible = 0;
			defaultConfigurationName = Release;
		};
		1A47AA302028E21800ED663E /* Build configuration list for PBXNativeTarget "RandomPhotoUITests" */ = {
			isa = XCConfigurationList;
			buildConfigurations = (
				1A47AA312028E21800ED663E /* Debug */,
				1A47AA322028E21800ED663E /* Release */,
			);
			defaultConfigurationIsVisible = 0;
			defaultConfigurationName = Release;
		};
/* End XCConfigurationList section */
	};
	rootObject = 1A47A9FA2028E21700ED663E /* Project object */;
}
